
Microsoft Visual Studio Solution File, Format Version 12.00
# Visual Studio Version 17
VisualStudioVersion = 17.5.33502.453
MinimumVisualStudioVersion = 10.0.40219.1
Project("{9A19103F-16F7-4668-BE54-9A1E7A4F7556}") = "ShortCutDeckDesktop", "ShortCutDeckDesktop\ShortCutDeckDesktop.csproj", "{0D0C7EF8-522A-481D-A087-A32554A377C0}"
EndProject
Global
	GlobalSection(SolutionConfigurationPlatforms) = preSolution
		Debug|Any CPU = Debug|Any CPU
		Debug|ARM64 = Debug|ARM64
		Debug|x64 = Debug|x64
		Debug|x86 = Debug|x86
		Release|Any CPU = Release|Any CPU
		Release|ARM64 = Release|ARM64
		Release|x64 = Release|x64
		Release|x86 = Release|x86
	EndGlobalSection
	GlobalSection(ProjectConfigurationPlatforms) = postSolution
		{0D0C7EF8-522A-481D-A087-A32554A377C0}.Debug|Any CPU.ActiveCfg = Debug|Any CPU
		{0D0C7EF8-522A-481D-A087-A32554A377C0}.Debug|Any CPU.Build.0 = Debug|Any CPU
		{0D0C7EF8-522A-481D-A087-A32554A377C0}.Debug|ARM64.ActiveCfg = Debug|Any CPU
		{0D0C7EF8-522A-481D-A087-A32554A377C0}.Debug|ARM64.Build.0 = Debug|Any CPU
		{0D0C7EF8-522A-481D-A087-A32554A377C0}.Debug|x64.ActiveCfg = Debug|Any CPU
		{0D0C7EF8-522A-481D-A087-A32554A377C0}.Debug|x64.Build.0 = Debug|Any CPU
		{0D0C7EF8-522A-481D-A087-A32554A377C0}.Debug|x86.ActiveCfg = Debug|Any CPU
		{0D0C7EF8-522A-481D-A087-A32554A377C0}.Debug|x86.Build.0 = Debug|Any CPU
		{0D0C7EF8-522A-481D-A087-A32554A377C0}.Release|Any CPU.ActiveCfg = Release|Any CPU
		{0D0C7EF8-522A-481D-A087-A32554A377C0}.Release|Any CPU.Build.0 = Release|Any CPU
		{0D0C7EF8-522A-481D-A087-A32554A377C0}.Release|ARM64.ActiveCfg = Release|Any CPU
		{0D0C7EF8-522A-481D-A087-A32554A377C0}.Release|ARM64.Build.0 = Release|Any CPU
		{0D0C7EF8-522A-481D-A087-A32554A377C0}.Release|x64.ActiveCfg = Release|Any CPU
		{0D0C7EF8-522A-481D-A087-A32554A377C0}.Release|x64.Build.0 = Release|Any CPU
		{0D0C7EF8-522A-481D-A087-A32554A377C0}.Release|x86.ActiveCfg = Release|Any CPU
		{0D0C7EF8-522A-481D-A087-A32554A377C0}.Release|x86.Build.0 = Release|Any CPU
	EndGlobalSection
	GlobalSection(SolutionProperties) = preSolution
		HideSolutionNode = FALSE
	EndGlobalSection
	GlobalSection(ExtensibilityGlobals) = postSolution
		SolutionGuid = {4B57876D-F575-4B17-8C50-DCAE1273DCE3}
	EndGlobalSection
EndGlobal
